Microsoft Visual Studio Solution File, Format Version 12.00
# Visual Studio Version 17
VisualStudioVersion = 17.5.2.0
MinimumVisualStudioVersion = 10.0.40219.1
Project("{FAE04EC0-301F-11D3-BF4B-00C04F79EFBC}") = "LinkLab.Api", "LinkLab.Api\LinkLab.Api.csproj", "{972F8F52-A688-AEFF-9671-338C816E7763}"
EndProject
Global
	GlobalSection(SolutionConfigurationPlatforms) = preSolution
		Debug|Any CPU = Debug|Any CPU
		Release|Any CPU = Release|Any CPU
	EndGlobalSection
	GlobalSection(ProjectConfigurationPlatforms) = postSolution
		{972F8F52-A688-AEFF-9671-338C816E7763}.Debug|Any CPU.ActiveCfg = Debug|Any CPU
		{972F8F52-A688-AEFF-9671-338C816E7763}.Debug|Any CPU.Build.0 = Debug|Any CPU
		{972F8F52-A688-AEFF-9671-338C816E7763}.Release|Any CPU.ActiveCfg = Release|Any CPU
		{972F8F52-A688-AEFF-9671-338C816E7763}.Release|Any CPU.Build.0 = Release|Any CPU
	EndGlobalSection
	GlobalSection(SolutionProperties) = preSolution
		HideSolutionNode = FALSE
	EndGlobalSection
	GlobalSection(ExtensibilityGlobals) = postSolution
		SolutionGuid = {5AD3EF54-FF9E-4313-9C53-6300007B1074}
	EndGlobalSection
EndGlobal
